PODS:
  - SDWebImage (5.7.0):
    - SDWebImage/Core (= 5.7.0)
  - SDWebImage/Core (5.7.0)

DEPENDENCIES:
  - SDWebImage (~> 5.0)

SPEC REPOS:
  trunk:
    - SDWebImage

SPEC CHECKSUMS:
  SDWebImage: a99471f452bdfa0ca52ddf5b1adf2b61cab1d1eb

PODFILE CHECKSUM: e316e439cb7e2bdf691ef41da7ca64cbe73e666e

COCOAPODS: 1.9.1
